
Microsoft Visual Studio Solution File, Format Version 12.00
# Visual Studio Version 17
VisualStudioVersion = 17.0.31903.59
MinimumVisualStudioVersion = 10.0.40219.1
Project("{2150E333-8FDC-42A3-9474-1A3956D46DE8}") = "Shared", "Shared", "{02EA681E-C7D8-13C7-8484-4AC65E1B71E8}"
EndProject
Project("{2150E333-8FDC-42A3-9474-1A3956D46DE8}") = "Services", "Services", "{65FBB457-1B3C-4941-AADB-A053CF4149DD}"
EndProject
Project("{2150E333-8FDC-42A3-9474-1A3956D46DE8}") = "Products", "Products", "{A46B0C86-0DF5-4836-8FFF-83FDF42735A5}"
EndProject
Project("{FAE04EC0-301F-11D3-BF4B-00C04F79EFBC}") = "Ecomm.Products.WebApi", "contexts\products\src\Ecomm.Products.WebApi\Ecomm.Products.WebApi.csproj", "{367975A6-9A47-47E4-A027-1A0E6FAC4F09}"
EndProject
Project("{FAE04EC0-301F-11D3-BF4B-00C04F79EFBC}") = "Aspire.AppHost", "contexts\shared\aspire\Aspire.AppHost\Aspire.AppHost.csproj", "{C6FC3142-99E2-45CF-B5C5-26B5BFA85E61}"
EndProject
Project("{FAE04EC0-301F-11D3-BF4B-00C04F79EFBC}") = "Aspire.ServiceDefaults", "contexts\shared\aspire\Aspire.ServiceDefaults\Aspire.ServiceDefaults.csproj", "{9E449566-0948-7725-C8EE-961EFD5A557A}"
EndProject
Project("{2150E333-8FDC-42A3-9474-1A3956D46DE8}") = "Aspire", "Aspire", "{4ACD738B-72A3-495A-8941-32A7188C3909}"
EndProject
Global
	GlobalSection(SolutionConfigurationPlatforms) = preSolution
		Debug|Any CPU = Debug|Any CPU
		Release|Any CPU = Release|Any CPU
	EndGlobalSection
	GlobalSection(ProjectConfigurationPlatforms) = postSolution
		{367975A6-9A47-47E4-A027-1A0E6FAC4F09}.Debug|Any CPU.ActiveCfg = Debug|Any CPU
		{367975A6-9A47-47E4-A027-1A0E6FAC4F09}.Debug|Any CPU.Build.0 = Debug|Any CPU
		{367975A6-9A47-47E4-A027-1A0E6FAC4F09}.Release|Any CPU.ActiveCfg = Release|Any CPU
		{367975A6-9A47-47E4-A027-1A0E6FAC4F09}.Release|Any CPU.Build.0 = Release|Any CPU
		{C6FC3142-99E2-45CF-B5C5-26B5BFA85E61}.Debug|Any CPU.ActiveCfg = Debug|Any CPU
		{C6FC3142-99E2-45CF-B5C5-26B5BFA85E61}.Debug|Any CPU.Build.0 = Debug|Any CPU
		{C6FC3142-99E2-45CF-B5C5-26B5BFA85E61}.Release|Any CPU.ActiveCfg = Release|Any CPU
		{C6FC3142-99E2-45CF-B5C5-26B5BFA85E61}.Release|Any CPU.Build.0 = Release|Any CPU
		{9E449566-0948-7725-C8EE-961EFD5A557A}.Debug|Any CPU.ActiveCfg = Debug|Any CPU
		{9E449566-0948-7725-C8EE-961EFD5A557A}.Debug|Any CPU.Build.0 = Debug|Any CPU
		{9E449566-0948-7725-C8EE-961EFD5A557A}.Release|Any CPU.ActiveCfg = Release|Any CPU
		{9E449566-0948-7725-C8EE-961EFD5A557A}.Release|Any CPU.Build.0 = Release|Any CPU
	EndGlobalSection
	GlobalSection(SolutionProperties) = preSolution
		HideSolutionNode = FALSE
	EndGlobalSection
	GlobalSection(NestedProjects) = preSolution
		{A46B0C86-0DF5-4836-8FFF-83FDF42735A5} = {65FBB457-1B3C-4941-AADB-A053CF4149DD}
		{367975A6-9A47-47E4-A027-1A0E6FAC4F09} = {A46B0C86-0DF5-4836-8FFF-83FDF42735A5}
		{C6FC3142-99E2-45CF-B5C5-26B5BFA85E61} = {4ACD738B-72A3-495A-8941-32A7188C3909}
		{9E449566-0948-7725-C8EE-961EFD5A557A} = {4ACD738B-72A3-495A-8941-32A7188C3909}
		{4ACD738B-72A3-495A-8941-32A7188C3909} = {02EA681E-C7D8-13C7-8484-4AC65E1B71E8}
	EndGlobalSection
	GlobalSection(ExtensibilityGlobals) = postSolution
		SolutionGuid = {5BF85A6A-92FF-43A6-90BC-EDC8ED995F33}
	EndGlobalSection
EndGlobal
