
Microsoft Visual Studio Solution File, Format Version 12.00
# Visual Studio Version 17
VisualStudioVersion = 17.0.31903.59
MinimumVisualStudioVersion = 10.0.40219.1
Project("{2150E333-8FDC-42A3-9474-1A3956D46DE8}") = "Source", "Source", "{78526D4C-9B31-43FF-B629-17330FD7B52F}"
EndProject
Project("{2150E333-8FDC-42A3-9474-1A3956D46DE8}") = "Catalog", "Catalog", "{78D67944-F918-4D72-B9B7-401CAFD133CB}"
EndProject
Project("{FAE04EC0-301F-11D3-BF4B-00C04F79EFBC}") = "Ecomm.Catalog.Api", "src\Catalog\Ecomm.Catalog.Api\Ecomm.Catalog.Api.csproj", "{5399A1A4-EE7B-4C26-949F-EBAE14529874}"
EndProject
Project("{2150E333-8FDC-42A3-9474-1A3956D46DE8}") = "Orders", "Orders", "{2CBA30DD-D49E-4847-AB0E-18205A341264}"
EndProject
Project("{FAE04EC0-301F-11D3-BF4B-00C04F79EFBC}") = "Ecomm.Orders.Api", "src\Orders\Ecomm.Orders.Api\Ecomm.Orders.Api.csproj", "{546C3852-D102-49E1-8D2B-021E0E433D31}"
EndProject
Project("{FAE04EC0-301F-11D3-BF4B-00C04F79EFBC}") = "Ecomm.Orders.Application", "src\Orders\Ecomm.Orders.Application\Ecomm.Orders.Application.csproj", "{21A3CE4D-0EE8-4B9B-8370-5BD856E285EA}"
EndProject
Project("{FAE04EC0-301F-11D3-BF4B-00C04F79EFBC}") = "Ecomm.Orders.Infrastructure", "src\Orders\Ecomm.Orders.Infrastructure\Ecomm.Orders.Infrastructure.csproj", "{6DACB696-0812-454E-866D-73F28C06D9F6}"
EndProject
Project("{FAE04EC0-301F-11D3-BF4B-00C04F79EFBC}") = "Ecomm.Orders.Domain", "src\Orders\Ecomm.Orders.Domain\Ecomm.Orders.Domain.csproj", "{9BD21765-CA62-489D-B4FE-038C773523E7}"
EndProject
Project("{2150E333-8FDC-42A3-9474-1A3956D46DE8}") = "Payments", "Payments", "{E80D44BB-F845-479A-B5C3-2B67BD9876F8}"
EndProject
Project("{FAE04EC0-301F-11D3-BF4B-00C04F79EFBC}") = "Ecomm.Payments.Api", "src\Payments\Ecomm.Payments.Api\Ecomm.Payments.Api.csproj", "{7AF48D38-581A-46CA-86D8-FA8273D9ACF2}"
EndProject
Project("{FAE04EC0-301F-11D3-BF4B-00C04F79EFBC}") = "Ecomm.Payments.Application", "src\Payments\Ecomm.Payments.Application\Ecomm.Payments.Application.csproj", "{74409C53-86D2-4840-AC71-0EC81A76C6F3}"
EndProject
Project("{FAE04EC0-301F-11D3-BF4B-00C04F79EFBC}") = "Ecomm.Payments.Domain", "src\Payments\Ecomm.Payments.Domain\Ecomm.Payments.Domain.csproj", "{2D05F230-2C97-471A-A300-6A081AFBC259}"
EndProject
Project("{FAE04EC0-301F-11D3-BF4B-00C04F79EFBC}") = "Ecomm.Payments.Infrastructure", "src\Payments\Ecomm.Payments.Infrastructure\Ecomm.Payments.Infrastructure.csproj", "{41DCB676-519E-4D78-ABEA-AF302BA17A28}"
EndProject
Project("{2150E333-8FDC-42A3-9474-1A3956D46DE8}") = "Customers", "Customers", "{F4FAFEF4-AB0E-48AF-A12A-C2698D1752F9}"
EndProject
Project("{FAE04EC0-301F-11D3-BF4B-00C04F79EFBC}") = "Ecomm.Customers.Api", "src\Customers\Ecomm.Customers.Api\Ecomm.Customers.Api.csproj", "{8011D515-B376-4F76-BE13-CF1BC0BA1ACB}"
EndProject
Project("{E53339B2-1760-4266-BCC7-CA923CBCF16C}") = "docker-compose", "docker-compose.dcproj", "{F4F9CDC3-3292-4AA5-8857-7009725B1786}"
EndProject
Global
	GlobalSection(SolutionConfigurationPlatforms) = preSolution
		Debug|Any CPU = Debug|Any CPU
		Release|Any CPU = Release|Any CPU
	EndGlobalSection
	GlobalSection(ProjectConfigurationPlatforms) = postSolution
		{5399A1A4-EE7B-4C26-949F-EBAE14529874}.Debug|Any CPU.ActiveCfg = Debug|Any CPU
		{5399A1A4-EE7B-4C26-949F-EBAE14529874}.Debug|Any CPU.Build.0 = Debug|Any CPU
		{5399A1A4-EE7B-4C26-949F-EBAE14529874}.Release|Any CPU.ActiveCfg = Release|Any CPU
		{5399A1A4-EE7B-4C26-949F-EBAE14529874}.Release|Any CPU.Build.0 = Release|Any CPU
		{546C3852-D102-49E1-8D2B-021E0E433D31}.Debug|Any CPU.ActiveCfg = Debug|Any CPU
		{546C3852-D102-49E1-8D2B-021E0E433D31}.Debug|Any CPU.Build.0 = Debug|Any CPU
		{546C3852-D102-49E1-8D2B-021E0E433D31}.Release|Any CPU.ActiveCfg = Release|Any CPU
		{546C3852-D102-49E1-8D2B-021E0E433D31}.Release|Any CPU.Build.0 = Release|Any CPU
		{21A3CE4D-0EE8-4B9B-8370-5BD856E285EA}.Debug|Any CPU.ActiveCfg = Debug|Any CPU
		{21A3CE4D-0EE8-4B9B-8370-5BD856E285EA}.Debug|Any CPU.Build.0 = Debug|Any CPU
		{21A3CE4D-0EE8-4B9B-8370-5BD856E285EA}.Release|Any CPU.ActiveCfg = Release|Any CPU
		{21A3CE4D-0EE8-4B9B-8370-5BD856E285EA}.Release|Any CPU.Build.0 = Release|Any CPU
		{6DACB696-0812-454E-866D-73F28C06D9F6}.Debug|Any CPU.ActiveCfg = Debug|Any CPU
		{6DACB696-0812-454E-866D-73F28C06D9F6}.Debug|Any CPU.Build.0 = Debug|Any CPU
		{6DACB696-0812-454E-866D-73F28C06D9F6}.Release|Any CPU.ActiveCfg = Release|Any CPU
		{6DACB696-0812-454E-866D-73F28C06D9F6}.Release|Any CPU.Build.0 = Release|Any CPU
		{9BD21765-CA62-489D-B4FE-038C773523E7}.Debug|Any CPU.ActiveCfg = Debug|Any CPU
		{9BD21765-CA62-489D-B4FE-038C773523E7}.Debug|Any CPU.Build.0 = Debug|Any CPU
		{9BD21765-CA62-489D-B4FE-038C773523E7}.Release|Any CPU.ActiveCfg = Release|Any CPU
		{9BD21765-CA62-489D-B4FE-038C773523E7}.Release|Any CPU.Build.0 = Release|Any CPU
		{7AF48D38-581A-46CA-86D8-FA8273D9ACF2}.Debug|Any CPU.ActiveCfg = Debug|Any CPU
		{7AF48D38-581A-46CA-86D8-FA8273D9ACF2}.Debug|Any CPU.Build.0 = Debug|Any CPU
		{7AF48D38-581A-46CA-86D8-FA8273D9ACF2}.Release|Any CPU.ActiveCfg = Release|Any CPU
		{7AF48D38-581A-46CA-86D8-FA8273D9ACF2}.Release|Any CPU.Build.0 = Release|Any CPU
		{74409C53-86D2-4840-AC71-0EC81A76C6F3}.Debug|Any CPU.ActiveCfg = Debug|Any CPU
		{74409C53-86D2-4840-AC71-0EC81A76C6F3}.Debug|Any CPU.Build.0 = Debug|Any CPU
		{74409C53-86D2-4840-AC71-0EC81A76C6F3}.Release|Any CPU.ActiveCfg = Release|Any CPU
		{74409C53-86D2-4840-AC71-0EC81A76C6F3}.Release|Any CPU.Build.0 = Release|Any CPU
		{2D05F230-2C97-471A-A300-6A081AFBC259}.Debug|Any CPU.ActiveCfg = Debug|Any CPU
		{2D05F230-2C97-471A-A300-6A081AFBC259}.Debug|Any CPU.Build.0 = Debug|Any CPU
		{2D05F230-2C97-471A-A300-6A081AFBC259}.Release|Any CPU.ActiveCfg = Release|Any CPU
		{2D05F230-2C97-471A-A300-6A081AFBC259}.Release|Any CPU.Build.0 = Release|Any CPU
		{41DCB676-519E-4D78-ABEA-AF302BA17A28}.Debug|Any CPU.ActiveCfg = Debug|Any CPU
		{41DCB676-519E-4D78-ABEA-AF302BA17A28}.Debug|Any CPU.Build.0 = Debug|Any CPU
		{41DCB676-519E-4D78-ABEA-AF302BA17A28}.Release|Any CPU.ActiveCfg = Release|Any CPU
		{41DCB676-519E-4D78-ABEA-AF302BA17A28}.Release|Any CPU.Build.0 = Release|Any CPU
		{8011D515-B376-4F76-BE13-CF1BC0BA1ACB}.Debug|Any CPU.ActiveCfg = Debug|Any CPU
		{8011D515-B376-4F76-BE13-CF1BC0BA1ACB}.Debug|Any CPU.Build.0 = Debug|Any CPU
		{8011D515-B376-4F76-BE13-CF1BC0BA1ACB}.Release|Any CPU.ActiveCfg = Release|Any CPU
		{8011D515-B376-4F76-BE13-CF1BC0BA1ACB}.Release|Any CPU.Build.0 = Release|Any CPU
		{F4F9CDC3-3292-4AA5-8857-7009725B1786}.Debug|Any CPU.ActiveCfg = Debug|Any CPU
		{F4F9CDC3-3292-4AA5-8857-7009725B1786}.Debug|Any CPU.Build.0 = Debug|Any CPU
		{F4F9CDC3-3292-4AA5-8857-7009725B1786}.Release|Any CPU.ActiveCfg = Release|Any CPU
		{F4F9CDC3-3292-4AA5-8857-7009725B1786}.Release|Any CPU.Build.0 = Release|Any CPU
	EndGlobalSection
	GlobalSection(SolutionProperties) = preSolution
		HideSolutionNode = FALSE
	EndGlobalSection
	GlobalSection(NestedProjects) = preSolution
		{78D67944-F918-4D72-B9B7-401CAFD133CB} = {78526D4C-9B31-43FF-B629-17330FD7B52F}
		{5399A1A4-EE7B-4C26-949F-EBAE14529874} = {78D67944-F918-4D72-B9B7-401CAFD133CB}
		{2CBA30DD-D49E-4847-AB0E-18205A341264} = {78526D4C-9B31-43FF-B629-17330FD7B52F}
		{546C3852-D102-49E1-8D2B-021E0E433D31} = {2CBA30DD-D49E-4847-AB0E-18205A341264}
		{21A3CE4D-0EE8-4B9B-8370-5BD856E285EA} = {2CBA30DD-D49E-4847-AB0E-18205A341264}
		{6DACB696-0812-454E-866D-73F28C06D9F6} = {2CBA30DD-D49E-4847-AB0E-18205A341264}
		{9BD21765-CA62-489D-B4FE-038C773523E7} = {2CBA30DD-D49E-4847-AB0E-18205A341264}
		{E80D44BB-F845-479A-B5C3-2B67BD9876F8} = {78526D4C-9B31-43FF-B629-17330FD7B52F}
		{7AF48D38-581A-46CA-86D8-FA8273D9ACF2} = {E80D44BB-F845-479A-B5C3-2B67BD9876F8}
		{74409C53-86D2-4840-AC71-0EC81A76C6F3} = {E80D44BB-F845-479A-B5C3-2B67BD9876F8}
		{2D05F230-2C97-471A-A300-6A081AFBC259} = {E80D44BB-F845-479A-B5C3-2B67BD9876F8}
		{41DCB676-519E-4D78-ABEA-AF302BA17A28} = {E80D44BB-F845-479A-B5C3-2B67BD9876F8}
		{F4FAFEF4-AB0E-48AF-A12A-C2698D1752F9} = {78526D4C-9B31-43FF-B629-17330FD7B52F}
		{8011D515-B376-4F76-BE13-CF1BC0BA1ACB} = {F4FAFEF4-AB0E-48AF-A12A-C2698D1752F9}
	EndGlobalSection
EndGlobal
